
Microsoft Visual Studio Solution File, Format Version 12.00
# Visual Studio Version 17
VisualStudioVersion = 17.10.35027.167
MinimumVisualStudioVersion = 10.0.40219.1
Project("{FAE04EC0-301F-11D3-BF4B-00C04F79EFBC}") = "Little_Star_text_game", "Little_Star_text_game\Little_Star_text_game.csproj", "{9974A063-2731-4C05-8BF2-F86A4B910A92}"
EndProject
Global
	GlobalSection(SolutionConfigurationPlatforms) = preSolution
		Debug|Any CPU = Debug|Any CPU
		Release|Any CPU = Release|Any CPU
	EndGlobalSection
	GlobalSection(ProjectConfigurationPlatforms) = postSolution
		{9974A063-2731-4C05-8BF2-F86A4B910A92}.Debug|Any CPU.ActiveCfg = Debug|Any CPU
		{9974A063-2731-4C05-8BF2-F86A4B910A92}.Debug|Any CPU.Build.0 = Debug|Any CPU
		{9974A063-2731-4C05-8BF2-F86A4B910A92}.Release|Any CPU.ActiveCfg = Release|Any CPU
		{9974A063-2731-4C05-8BF2-F86A4B910A92}.Release|Any CPU.Build.0 = Release|Any CPU
	EndGlobalSection
	GlobalSection(SolutionProperties) = preSolution
		HideSolutionNode = FALSE
	EndGlobalSection
	GlobalSection(ExtensibilityGlobals) = postSolution
		SolutionGuid = {C52A922D-A6A2-4A94-A0A7-DB576FC24F7D}
	EndGlobalSection
EndGlobal
